
Microsoft Visual Studio Solution File, Format Version 12.00
# Visual Studio Version 17
VisualStudioVersion = 17.1.32127.271
MinimumVisualStudioVersion = 10.0.40219.1
Project("{FAE04EC0-301F-11D3-BF4B-00C04F79EFBC}") = "Unimake.Extensions", "Unimake.Extensions\Unimake.Extensions.csproj", "{672EDDED-C28A-4840-BA73-1EA402147A63}"
EndProject
Global
	GlobalSection(SolutionConfigurationPlatforms) = preSolution
		Debug|Any CPU = Debug|Any CPU
		Release|Any CPU = Release|Any CPU
	EndGlobalSection
	GlobalSection(ProjectConfigurationPlatforms) = postSolution
		{672EDDED-C28A-4840-BA73-1EA402147A63}.Debug|Any CPU.ActiveCfg = Debug|Any CPU
		{672EDDED-C28A-4840-BA73-1EA402147A63}.Debug|Any CPU.Build.0 = Debug|Any CPU
		{672EDDED-C28A-4840-BA73-1EA402147A63}.Release|Any CPU.ActiveCfg = Release|Any CPU
		{672EDDED-C28A-4840-BA73-1EA402147A63}.Release|Any CPU.Build.0 = Release|Any CPU
	EndGlobalSection
	GlobalSection(SolutionProperties) = preSolution
		HideSolutionNode = FALSE
	EndGlobalSection
	GlobalSection(ExtensibilityGlobals) = postSolution
		SolutionGuid = {BB309095-8C76-44DD-88B1-C30B8B4B0334}
	EndGlobalSection
EndGlobal
